{
  "requires": true,
  "lockfileVersion": 1,
  "dependencies": {
    "react-router-active-component": {
      "version": "4.0.0",
      "resolved": "https://registry.npmjs.org/react-router-active-component/-/react-router-active-component-4.0.0.tgz",
      "integrity": "sha1-Nv3QORUWiq1SHpQadtGdjFZlNTM="
    }
  }
}
